
Microsoft Visual Studio Solution File, Format Version 12.00
# Visual Studio Version 16
VisualStudioVersion = 16.0.30717.126
MinimumVisualStudioVersion = 10.0.40219.1
Project("{FAE04EC0-301F-11D3-BF4B-00C04F79EFBC}") = "Exz", "Exz\Exz.csproj", "{A512CF2E-FEA1-4242-BF55-16E260186E91}"
EndProject
Global
	GlobalSection(SolutionConfigurationPlatforms) = preSolution
		Debug|Any CPU = Debug|Any CPU
		Release|Any CPU = Release|Any CPU
	EndGlobalSection
	GlobalSection(ProjectConfigurationPlatforms) = postSolution
		{A512CF2E-FEA1-4242-BF55-16E260186E91}.Debug|Any CPU.ActiveCfg = Debug|Any CPU
		{A512CF2E-FEA1-4242-BF55-16E260186E91}.Debug|Any CPU.Build.0 = Debug|Any CPU
		{A512CF2E-FEA1-4242-BF55-16E260186E91}.Release|Any CPU.ActiveCfg = Release|Any CPU
		{A512CF2E-FEA1-4242-BF55-16E260186E91}.Release|Any CPU.Build.0 = Release|Any CPU
	EndGlobalSection
	GlobalSection(SolutionProperties) = preSolution
		HideSolutionNode = FALSE
	EndGlobalSection
	GlobalSection(ExtensibilityGlobals) = postSolution
		SolutionGuid = {47AA4D1A-530B-4F97-9D03-B95357106F96}
	EndGlobalSection
EndGlobal
